
Microsoft Visual Studio Solution File, Format Version 12.00
# Visual Studio Version 17
Project("{8BC9CEB8-8B4A-11D0-8D11-00A0C91BC942}") = "ALL_BUILD", "ALL_BUILD.vcxproj", "{9748AA37-43A8-396C-9296-7931DCF31BE8}"
	ProjectSection(ProjectDependencies) = postProject
		{0264DE51-BF8C-30B4-8EBC-49F9E405B804} = {0264DE51-BF8C-30B4-8EBC-49F9E405B804}
		{715D5CC0-775B-3927-8AD9-9FBB63AE8736} = {715D5CC0-775B-3927-8AD9-9FBB63AE8736}
	EndProjectSection
EndProject
Project("{8BC9CEB8-8B4A-11D0-8D11-00A0C91BC942}") = "INSTALL", "INSTALL.vcxproj", "{ABBF9107-5F81-3884-97BB-895D22E5409D}"
	ProjectSection(ProjectDependencies) = postProject
		{9748AA37-43A8-396C-9296-7931DCF31BE8} = {9748AA37-43A8-396C-9296-7931DCF31BE8}
		{0264DE51-BF8C-30B4-8EBC-49F9E405B804} = {0264DE51-BF8C-30B4-8EBC-49F9E405B804}
	EndProjectSection
EndProject
Project("{8BC9CEB8-8B4A-11D0-8D11-00A0C91BC942}") = "ZERO_CHECK", "..\\ZERO_CHECK.vcxproj", "{0264DE51-BF8C-30B4-8EBC-49F9E405B804}"
	ProjectSection(ProjectDependencies) = postProject
	EndProjectSection
EndProject
Project("{8BC9CEB8-8B4A-11D0-8D11-00A0C91BC942}") = "flutter_assemble", "..\flutter\flutter_assemble.vcxproj", "{9381566A-BF6D-3293-8908-5FC7B71FBEB0}"
	ProjectSection(ProjectDependencies) = postProject
		{0264DE51-BF8C-30B4-8EBC-49F9E405B804} = {0264DE51-BF8C-30B4-8EBC-49F9E405B804}
	EndProjectSection
EndProject
Project("{8BC9CEB8-8B4A-11D0-8D11-00A0C91BC942}") = "flutter_test_muchlas", "flutter_test_muchlas.vcxproj", "{715D5CC0-775B-3927-8AD9-9FBB63AE8736}"
	ProjectSection(ProjectDependencies) = postProject
		{0264DE51-BF8C-30B4-8EBC-49F9E405B804} = {0264DE51-BF8C-30B4-8EBC-49F9E405B804}
		{9381566A-BF6D-3293-8908-5FC7B71FBEB0} = {9381566A-BF6D-3293-8908-5FC7B71FBEB0}
		{BD522998-83F9-350B-9681-97F36678F478} = {BD522998-83F9-350B-9681-97F36678F478}
		{3DC18F24-AF9B-3C96-8A1F-60F6450E849A} = {3DC18F24-AF9B-3C96-8A1F-60F6450E849A}
	EndProjectSection
EndProject
Project("{8BC9CEB8-8B4A-11D0-8D11-00A0C91BC942}") = "flutter_wrapper_app", "..\flutter\flutter_wrapper_app.vcxproj", "{BD522998-83F9-350B-9681-97F36678F478}"
	ProjectSection(ProjectDependencies) = postProject
		{0264DE51-BF8C-30B4-8EBC-49F9E405B804} = {0264DE51-BF8C-30B4-8EBC-49F9E405B804}
		{9381566A-BF6D-3293-8908-5FC7B71FBEB0} = {9381566A-BF6D-3293-8908-5FC7B71FBEB0}
	EndProjectSection
EndProject
Project("{8BC9CEB8-8B4A-11D0-8D11-00A0C91BC942}") = "flutter_wrapper_plugin", "..\flutter\flutter_wrapper_plugin.vcxproj", "{C03C8A33-0E93-3EC2-8DE3-E11A5716DB3D}"
	ProjectSection(ProjectDependencies) = postProject
		{0264DE51-BF8C-30B4-8EBC-49F9E405B804} = {0264DE51-BF8C-30B4-8EBC-49F9E405B804}
		{9381566A-BF6D-3293-8908-5FC7B71FBEB0} = {9381566A-BF6D-3293-8908-5FC7B71FBEB0}
	EndProjectSection
EndProject
Project("{8BC9CEB8-8B4A-11D0-8D11-00A0C91BC942}") = "window_size_plugin", "..\plugins\window_size\window_size_plugin.vcxproj", "{3DC18F24-AF9B-3C96-8A1F-60F6450E849A}"
	ProjectSection(ProjectDependencies) = postProject
		{0264DE51-BF8C-30B4-8EBC-49F9E405B804} = {0264DE51-BF8C-30B4-8EBC-49F9E405B804}
		{9381566A-BF6D-3293-8908-5FC7B71FBEB0} = {9381566A-BF6D-3293-8908-5FC7B71FBEB0}
		{C03C8A33-0E93-3EC2-8DE3-E11A5716DB3D} = {C03C8A33-0E93-3EC2-8DE3-E11A5716DB3D}
	EndProjectSection
EndProject
Global
	GlobalSection(SolutionConfigurationPlatforms) = preSolution
		Debug|x64 = Debug|x64
		Profile|x64 = Profile|x64
		Release|x64 = Release|x64
	EndGlobalSection
	GlobalSection(ProjectConfigurationPlatforms) = postSolution
		{9748AA37-43A8-396C-9296-7931DCF31BE8}.Debug|x64.ActiveCfg = Debug|x64
		{9748AA37-43A8-396C-9296-7931DCF31BE8}.Debug|x64.Build.0 = Debug|x64
		{9748AA37-43A8-396C-9296-7931DCF31BE8}.Profile|x64.ActiveCfg = Profile|x64
		{9748AA37-43A8-396C-9296-7931DCF31BE8}.Profile|x64.Build.0 = Profile|x64
		{9748AA37-43A8-396C-9296-7931DCF31BE8}.Release|x64.ActiveCfg = Release|x64
		{9748AA37-43A8-396C-9296-7931DCF31BE8}.Release|x64.Build.0 = Release|x64
		{ABBF9107-5F81-3884-97BB-895D22E5409D}.Debug|x64.ActiveCfg = Debug|x64
		{ABBF9107-5F81-3884-97BB-895D22E5409D}.Profile|x64.ActiveCfg = Profile|x64
		{ABBF9107-5F81-3884-97BB-895D22E5409D}.Release|x64.ActiveCfg = Release|x64
		{0264DE51-BF8C-30B4-8EBC-49F9E405B804}.Debug|x64.ActiveCfg = Debug|x64
		{0264DE51-BF8C-30B4-8EBC-49F9E405B804}.Debug|x64.Build.0 = Debug|x64
		{0264DE51-BF8C-30B4-8EBC-49F9E405B804}.Profile|x64.ActiveCfg = Profile|x64
		{0264DE51-BF8C-30B4-8EBC-49F9E405B804}.Profile|x64.Build.0 = Profile|x64
		{0264DE51-BF8C-30B4-8EBC-49F9E405B804}.Release|x64.ActiveCfg = Release|x64
		{0264DE51-BF8C-30B4-8EBC-49F9E405B804}.Release|x64.Build.0 = Release|x64
		{9381566A-BF6D-3293-8908-5FC7B71FBEB0}.Debug|x64.ActiveCfg = Debug|x64
		{9381566A-BF6D-3293-8908-5FC7B71FBEB0}.Debug|x64.Build.0 = Debug|x64
		{9381566A-BF6D-3293-8908-5FC7B71FBEB0}.Profile|x64.ActiveCfg = Profile|x64
		{9381566A-BF6D-3293-8908-5FC7B71FBEB0}.Profile|x64.Build.0 = Profile|x64
		{9381566A-BF6D-3293-8908-5FC7B71FBEB0}.Release|x64.ActiveCfg = Release|x64
		{9381566A-BF6D-3293-8908-5FC7B71FBEB0}.Release|x64.Build.0 = Release|x64
		{715D5CC0-775B-3927-8AD9-9FBB63AE8736}.Debug|x64.ActiveCfg = Debug|x64
		{715D5CC0-775B-3927-8AD9-9FBB63AE8736}.Debug|x64.Build.0 = Debug|x64
		{715D5CC0-775B-3927-8AD9-9FBB63AE8736}.Profile|x64.ActiveCfg = Profile|x64
		{715D5CC0-775B-3927-8AD9-9FBB63AE8736}.Profile|x64.Build.0 = Profile|x64
		{715D5CC0-775B-3927-8AD9-9FBB63AE8736}.Release|x64.ActiveCfg = Release|x64
		{715D5CC0-775B-3927-8AD9-9FBB63AE8736}.Release|x64.Build.0 = Release|x64
		{BD522998-83F9-350B-9681-97F36678F478}.Debug|x64.ActiveCfg = Debug|x64
		{BD522998-83F9-350B-9681-97F36678F478}.Debug|x64.Build.0 = Debug|x64
		{BD522998-83F9-350B-9681-97F36678F478}.Profile|x64.ActiveCfg = Profile|x64
		{BD522998-83F9-350B-9681-97F36678F478}.Profile|x64.Build.0 = Profile|x64
		{BD522998-83F9-350B-9681-97F36678F478}.Release|x64.ActiveCfg = Release|x64
		{BD522998-83F9-350B-9681-97F36678F478}.Release|x64.Build.0 = Release|x64
		{C03C8A33-0E93-3EC2-8DE3-E11A5716DB3D}.Debug|x64.ActiveCfg = Debug|x64
		{C03C8A33-0E93-3EC2-8DE3-E11A5716DB3D}.Debug|x64.Build.0 = Debug|x64
		{C03C8A33-0E93-3EC2-8DE3-E11A5716DB3D}.Profile|x64.ActiveCfg = Profile|x64
		{C03C8A33-0E93-3EC2-8DE3-E11A5716DB3D}.Profile|x64.Build.0 = Profile|x64
		{C03C8A33-0E93-3EC2-8DE3-E11A5716DB3D}.Release|x64.ActiveCfg = Release|x64
		{C03C8A33-0E93-3EC2-8DE3-E11A5716DB3D}.Release|x64.Build.0 = Release|x64
		{3DC18F24-AF9B-3C96-8A1F-60F6450E849A}.Debug|x64.ActiveCfg = Debug|x64
		{3DC18F24-AF9B-3C96-8A1F-60F6450E849A}.Debug|x64.Build.0 = Debug|x64
		{3DC18F24-AF9B-3C96-8A1F-60F6450E849A}.Profile|x64.ActiveCfg = Profile|x64
		{3DC18F24-AF9B-3C96-8A1F-60F6450E849A}.Profile|x64.Build.0 = Profile|x64
		{3DC18F24-AF9B-3C96-8A1F-60F6450E849A}.Release|x64.ActiveCfg = Release|x64
		{3DC18F24-AF9B-3C96-8A1F-60F6450E849A}.Release|x64.Build.0 = Release|x64
	EndGlobalSection
	GlobalSection(ExtensibilityGlobals) = postSolution
		SolutionGuid = {250E0C36-B9CE-38C8-827B-0528FA1C9D07}
	EndGlobalSection
	GlobalSection(ExtensibilityAddIns) = postSolution
	EndGlobalSection
EndGlobal
